
Microsoft Visual Studio Solution File, Format Version 12.00
# Visual Studio Version 17
VisualStudioVersion = 17.9.34622.214
MinimumVisualStudioVersion = 10.0.40219.1
Project("{FAE04EC0-301F-11D3-BF4B-00C04F79EFBC}") = "RootkitCoin", "RootkitCoin\RootkitCoin.csproj", "{51152183-7C8F-4178-B079-2661DC2D6CC0}"
EndProject
Global
	GlobalSection(SolutionConfigurationPlatforms) = preSolution
		Debug|Any CPU = Debug|Any CPU
		Release|Any CPU = Release|Any CPU
	EndGlobalSection
	GlobalSection(ProjectConfigurationPlatforms) = postSolution
		{51152183-7C8F-4178-B079-2661DC2D6CC0}.Debug|Any CPU.ActiveCfg = Debug|Any CPU
		{51152183-7C8F-4178-B079-2661DC2D6CC0}.Debug|Any CPU.Build.0 = Debug|Any CPU
		{51152183-7C8F-4178-B079-2661DC2D6CC0}.Release|Any CPU.ActiveCfg = Release|Any CPU
		{51152183-7C8F-4178-B079-2661DC2D6CC0}.Release|Any CPU.Build.0 = Release|Any CPU
	EndGlobalSection
	GlobalSection(SolutionProperties) = preSolution
		HideSolutionNode = FALSE
	EndGlobalSection
	GlobalSection(ExtensibilityGlobals) = postSolution
		SolutionGuid = {0C7ACFF7-4C27-4C78-A4F4-AA608BFE9F04}
	EndGlobalSection
EndGlobal
